
Microsoft Visual Studio Solution File, Format Version 12.00
# Visual Studio Version 17
VisualStudioVersion = 17.1.32228.430
MinimumVisualStudioVersion = 10.0.40219.1
Project("{9A19103F-16F7-4668-BE54-9A1E7A4F7556}") = "Bank", "Bank\Bank.csproj", "{31A95559-F6CE-4371-9C08-A6370A3087AE}"
EndProject
Global
	GlobalSection(SolutionConfigurationPlatforms) = preSolution
		Debug|Any CPU = Debug|Any CPU
		Release|Any CPU = Release|Any CPU
	EndGlobalSection
	GlobalSection(ProjectConfigurationPlatforms) = postSolution
		{31A95559-F6CE-4371-9C08-A6370A3087AE}.Debug|Any CPU.ActiveCfg = Debug|Any CPU
		{31A95559-F6CE-4371-9C08-A6370A3087AE}.Debug|Any CPU.Build.0 = Debug|Any CPU
		{31A95559-F6CE-4371-9C08-A6370A3087AE}.Release|Any CPU.ActiveCfg = Release|Any CPU
		{31A95559-F6CE-4371-9C08-A6370A3087AE}.Release|Any CPU.Build.0 = Release|Any CPU
	EndGlobalSection
	GlobalSection(SolutionProperties) = preSolution
		HideSolutionNode = FALSE
	EndGlobalSection
	GlobalSection(ExtensibilityGlobals) = postSolution
		SolutionGuid = {1788A3F3-0786-4CDD-AD3C-23AFF543BCC6}
	EndGlobalSection
EndGlobal
